
Microsoft Visual Studio Solution File, Format Version 12.00
# Blend for Visual Studio Version 16
VisualStudioVersion = 16.0.29318.209
MinimumVisualStudioVersion = 10.0.40219.1
Project("{9A19103F-16F7-4668-BE54-9A1E7A4F7556}") = "Emacs-Visual-Keys", "Emacs-Visual-Keys\Emacs-Visual-Keys.csproj", "{C70B203F-7DE9-41DE-B371-57276B173B86}"
EndProject
Global
	GlobalSection(SolutionConfigurationPlatforms) = preSolution
		Debug|Any CPU = Debug|Any CPU
		Release|Any CPU = Release|Any CPU
	EndGlobalSection
	GlobalSection(ProjectConfigurationPlatforms) = postSolution
		{C70B203F-7DE9-41DE-B371-57276B173B86}.Debug|Any CPU.ActiveCfg = Debug|Any CPU
		{C70B203F-7DE9-41DE-B371-57276B173B86}.Debug|Any CPU.Build.0 = Debug|Any CPU
		{C70B203F-7DE9-41DE-B371-57276B173B86}.Release|Any CPU.ActiveCfg = Release|Any CPU
		{C70B203F-7DE9-41DE-B371-57276B173B86}.Release|Any CPU.Build.0 = Release|Any CPU
	EndGlobalSection
	GlobalSection(SolutionProperties) = preSolution
		HideSolutionNode = FALSE
	EndGlobalSection
	GlobalSection(ExtensibilityGlobals) = postSolution
		SolutionGuid = {28E037E3-3302-4FBB-A9A2-D3A13D9D2E39}
	EndGlobalSection
EndGlobal
